// !$*UTF8*$!
{
	archiveVersion = 1;
	classes = {
	};
	objectVersion = 50;
	objects = {

/* Begin PBXBuildFile section */
		1D756ABF216F9983008F5579 /* AppDelegate.swift in Sources */ = {isa = PBXBuildFile; fileRef = 1D756ABE216F9983008F5579 /* AppDelegate.swift */; };
		1D756AC1216F9983008F5579 /* ViewController.swift in Sources */ = {isa = PBXBuildFile; fileRef = 1D756AC0216F9983008F5579 /* ViewController.swift */; };
		1D756AC4216F9983008F5579 /* Main.storyboard in Resources */ = {isa = PBXBuildFile; fileRef = 1D756AC2216F9983008F5579 /* Main.storyboard */; };
		1D756AC6216F9987008F5579 /* Assets.xcassets in Resources */ = {isa = PBXBuildFile; fileRef = 1D756AC5216F9987008F5579 /* Assets.xcassets */; };
		1D756AC9216F9987008F5579 /* LaunchScreen.storyboard in Resources */ = {isa = PBXBuildFile; fileRef = 1D756AC7216F9987008F5579 /* LaunchScreen.storyboard */; };
		1D756AD4216F9987008F5579 /* test1Tests.swift in Sources */ = {isa = PBXBuildFile; fileRef = 1D756AD3216F9987008F5579 /* test1Tests.swift */; };
		1D756ADF216F9987008F5579 /* test1UITests.swift in Sources */ = {isa = PBXBuildFile; fileRef = 1D756ADE216F9987008F5579 /* test1UITests.swift */; };
/* End PBXBuildFile section */

/* Begin PBXContainerItemProxy section */
		1D756AD0216F9987008F5579 /* PBXContainerItemProxy */ = {
			isa = PBXContainerItemProxy;
			containerPortal = 1D756AB3216F9983008F5579 /* Project object */;
			proxyType = 1;
			remoteGlobalIDString = 1D756ABA216F9983008F5579;
			remoteInfo = test1;
		};
		1D756ADB216F9987008F5579 /* PBXContainerItemProxy */ = {
			isa = PBXContainerItemProxy;
			containerPortal = 1D756AB3216F9983008F5579 /* Project object */;
			proxyType = 1;
			remoteGlobalIDString = 1D756ABA216F9983008F5579;
			remoteInfo = test1;
		};
/* End PBXContainerItemProxy section */

/* Begin PBXFileReference section */
		1D756ABB216F9983008F5579 /* test1.app */ = {isa = PBXFileReference; explicitFileType = wrapper.application; includeInIndex = 0; path = test1.app; sourceTree = BUILT_PRODUCTS_DIR; };
		1D756ABE216F9983008F5579 /* AppDelegate.swift */ = {isa = PBXFileReference; lastKnownFileType = sourcecode.swift; path = AppDelegate.swift; sourceTree = "<group>"; };
		1D756AC0216F9983008F5579 /* ViewController.swift */ = {isa = PBXFileReference; lastKnownFileType = sourcecode.swift; path = ViewController.swift; sourceTree = "<group>"; };
		1D756AC3216F9983008F5579 /* Base */ = {isa = PBXFileReference; lastKnownFileType = file.storyboard; name = Base; path = Base.lproj/Main.storyboard; sourceTree = "<group>"; };
		1D756AC5216F9987008F5579 /* Assets.xcassets */ = {isa = PBXFileReference; lastKnownFileType = folder.assetcatalog; path = Assets.xcassets; sourceTree = "<group>"; };
		1D756AC8216F9987008F5579 /* Base */ = {isa = PBXFileReference; lastKnownFileType = file.storyboard; name = Base; path = Base.lproj/LaunchScreen.storyboard; sourceTree = "<group>"; };
		1D756ACA216F9987008F5579 /* Info.plist */ = {isa = PBXFileReference; lastKnownFileType = text.plist.xml; path = Info.plist; sourceTree = "<group>"; };
		1D756ACF216F9987008F5579 /* test1Tests.xctest */ = {isa = PBXFileReference; explicitFileType = wrapper.cfbundle; includeInIndex = 0; path = test1Tests.xctest; sourceTree = BUILT_PRODUCTS_DIR; };
		1D756AD3216F9987008F5579 /* test1Tests.swift */ = {isa = PBXFileReference; lastKnownFileType = sourcecode.swift; path = test1Tests.swift; sourceTree = "<group>"; };
		1D756AD5216F9987008F5579 /* Info.plist */ = {isa = PBXFileReference; lastKnownFileType = text.plist.xml; path = Info.plist; sourceTree = "<group>"; };
		1D756ADA216F9987008F5579 /* test1UITests.xctest */ = {isa = PBXFileReference; explicitFileType = wrapper.cfbundle; includeInIndex = 0; path = test1UITests.xctest; sourceTree = BUILT_PRODUCTS_DIR; };
		1D756ADE216F9987008F5579 /* test1UITests.swift */ = {isa = PBXFileReference; lastKnownFileType = sourcecode.swift; path = test1UITests.swift; sourceTree = "<group>"; };
		1D756AE0216F9987008F5579 /* Info.plist */ = {isa = PBXFileReference; lastKnownFileType = text.plist.xml; path = Info.plist; sourceTree = "<group>"; };
/* End PBXFileReference section */

/* Begin PBXFrameworksBuildPhase section */
		1D756AB8216F9983008F5579 /* Frameworks */ = {
			isa = PBXFrameworksBuildPhase;
			buildActionMask = 2147483647;
			files = (
			);
			runOnlyForDeploymentPostprocessing = 0;
		};
		1D756ACC216F9987008F5579 /* Frameworks */ = {
			isa = PBXFrameworksBuildPhase;
			buildActionMask = 2147483647;
			files = (
			);
			runOnlyForDeploymentPostprocessing = 0;
		};
		1D756AD7216F9987008F5579 /* Frameworks */ = {
			isa = PBXFrameworksBuildPhase;
			buildActionMask = 2147483647;
			files = (
			);
			runOnlyForDeploymentPostprocessing = 0;
		};
/* End PBXFrameworksBuildPhase section */

/* Begin PBXGroup section */
		1D756AB2216F9983008F5579 = {
			isa = PBXGroup;
			children = (
				1D756ABD216F9983008F5579 /* test1 */,
				1D756AD2216F9987008F5579 /* test1Tests */,
				1D756ADD216F9987008F5579 /* test1UITests */,
				1D756ABC216F9983008F5579 /* Products */,
			);
			sourceTree = "<group>";
		};
		1D756ABC216F9983008F5579 /* Products */ = {
			isa = PBXGroup;
			children = (
				1D756ABB216F9983008F5579 /* test1.app */,
				1D756ACF216F9987008F5579 /* test1Tests.xctest */,
				1D756ADA216F9987008F5579 /* test1UITests.xctest */,
			);
			name = Products;
			sourceTree = "<group>";
		};
		1D756ABD216F9983008F5579 /* test1 */ = {
			isa = PBXGroup;
			children = (
				1D756ABE216F9983008F5579 /* AppDelegate.swift */,
				1D756AC0216F9983008F5579 /* ViewController.swift */,
				1D756AC2216F9983008F5579 /* Main.storyboard */,
				1D756AC5216F9987008F5579 /* Assets.xcassets */,
				1D756AC7216F9987008F5579 /* LaunchScreen.storyboard */,
				1D756ACA216F9987008F5579 /* Info.plist */,
			);
			path = test1;
			sourceTree = "<group>";
		};
		1D756AD2216F9987008F5579 /* test1Tests */ = {
			isa = PBXGroup;
			children = (
				1D756AD3216F9987008F5579 /* test1Tests.swift */,
				1D756AD5216F9987008F5579 /* Info.plist */,
			);
			path = test1Tests;
			sourceTree = "<group>";
		};
		1D756ADD216F9987008F5579 /* test1UITests */ = {
			isa = PBXGroup;
			children = (
				1D756ADE216F9987008F5579 /* test1UITests.swift */,
				1D756AE0216F9987008F5579 /* Info.plist */,
			);
			path = test1UITests;
			sourceTree = "<group>";
		};
/* End PBXGroup section */

/* Begin PBXNativeTarget section */
		1D756ABA216F9983008F5579 /* test1 */ = {
			isa = PBXNativeTarget;
			buildConfigurationList = 1D756AE3216F9987008F5579 /* Build configuration list for PBXNativeTarget "test1" */;
			buildPhases = (
				1D756AB7216F9983008F5579 /* Sources */,
				1D756AB8216F9983008F5579 /* Frameworks */,
				1D756AB9216F9983008F5579 /* Resources */,
			);
			buildRules = (
			);
			dependencies = (
			);
			name = test1;
			productName = test1;
			productReference = 1D756ABB216F9983008F5579 /* test1.app */;
			productType = "com.apple.product-type.application";
		};
		1D756ACE216F9987008F5579 /* test1Tests */ = {
			isa = PBXNativeTarget;
			buildConfigurationList = 1D756AE6216F9987008F5579 /* Build configuration list for PBXNativeTarget "test1Tests" */;
			buildPhases = (
				1D756ACB216F9987008F5579 /* Sources */,
				1D756ACC216F9987008F5579 /* Frameworks */,
				1D756ACD216F9987008F5579 /* Resources */,
			);
			buildRules = (
			);
			dependencies = (
				1D756AD1216F9987008F5579 /* PBXTargetDependency */,
			);
			name = test1Tests;
			productName = test1Tests;
			productReference = 1D756ACF216F9987008F5579 /* test1Tests.xctest */;
			productType = "com.apple.product-type.bundle.unit-test";
		};
		1D756AD9216F9987008F5579 /* test1UITests */ = {
			isa = PBXNativeTarget;
			buildConfigurationList = 1D756AE9216F9987008F5579 /* Build configuration list for PBXNativeTarget "test1UITests" */;
			buildPhases = (
				1D756AD6216F9987008F5579 /* Sources */,
				1D756AD7216F9987008F5579 /* Frameworks */,
				1D756AD8216F9987008F5579 /* Resources */,
			);
			buildRules = (
			);
			dependencies = (
				1D756ADC216F9987008F5579 /* PBXTargetDependency */,
			);
			name = test1UITests;
			productName = test1UITests;
			productReference = 1D756ADA216F9987008F5579 /* test1UITests.xctest */;
			productType = "com.apple.product-type.bundle.ui-testing";
		};
/* End PBXNativeTarget section */

/* Begin PBXProject section */
		1D756AB3216F9983008F5579 /* Project object */ = {
			isa = PBXProject;
			attributes = {
				LastSwiftUpdateCheck = 1000;
				LastUpgradeCheck = 1000;
				ORGANIZATIONNAME = rick;
				TargetAttributes = {
					1D756ABA216F9983008F5579 = {
						CreatedOnToolsVersion = 10.0;
					};
					1D756ACE216F9987008F5579 = {
						CreatedOnToolsVersion = 10.0;
						TestTargetID = 1D756ABA216F9983008F5579;
					};
					1D756AD9216F9987008F5579 = {
						CreatedOnToolsVersion = 10.0;
						TestTargetID = 1D756ABA216F9983008F5579;
					};
				};
			};
			buildConfigurationList = 1D756AB6216F9983008F5579 /* Build configuration list for PBXProject "test1" */;
			compatibilityVersion = "Xcode 9.3";
			developmentRegion = en;
			hasScannedForEncodings = 0;
			knownRegions = (
				en,
				Base,
			);
			mainGroup = 1D756AB2216F9983008F5579;
			productRefGroup = 1D756ABC216F9983008F5579 /* Products */;
			projectDirPath = "";
			projectRoot = "";
			targets = (
				1D756ABA216F9983008F5579 /* test1 */,
				1D756ACE216F9987008F5579 /* test1Tests */,
				1D756AD9216F9987008F5579 /* test1UITests */,
			);
		};
/* End PBXProject section */

/* Begin PBXResourcesBuildPhase section */
		1D756AB9216F9983008F5579 /* Resources */ = {
			isa = PBXResourcesBuildPhase;
			buildActionMask = 2147483647;
			files = (
				1D756AC9216F9987008F5579 /* LaunchScreen.storyboard in Resources */,
				1D756AC6216F9987008F5579 /* Assets.xcassets in Resources */,
				1D756AC4216F9983008F5579 /* Main.storyboard in Resources */,
			);
			runOnlyForDeploymentPostprocessing = 0;
		};
		1D756ACD216F9987008F5579 /* Resources */ = {
			isa = PBXResourcesBuildPhase;
			buildActionMask = 2147483647;
			files = (
			);
			runOnlyForDeploymentPostprocessing = 0;
		};
		1D756AD8216F9987008F5579 /* Resources */ = {
			isa = PBXResourcesBuildPhase;
			buildActionMask = 2147483647;
			files = (
			);
			runOnlyForDeploymentPostprocessing = 0;
		};
/* End PBXResourcesBuildPhase section */

/* Begin PBXSourcesBuildPhase section */
		1D756AB7216F9983008F5579 /* Sources */ = {
			isa = PBXSourcesBuildPhase;
			buildActionMask = 2147483647;
			files = (
				1D756AC1216F9983008F5579 /* ViewController.swift in Sources */,
				1D756ABF216F9983008F5579 /* AppDelegate.swift in Sources */,
			);
			runOnlyForDeploymentPostprocessing = 0;
		};
		1D756ACB216F9987008F5579 /* Sources */ = {
			isa = PBXSourcesBuildPhase;
			buildActionMask = 2147483647;
			files = (
				1D756AD4216F9987008F5579 /* test1Tests.swift in Sources */,
			);
			runOnlyForDeploymentPostprocessing = 0;
		};
		1D756AD6216F9987008F5579 /* Sources */ = {
			isa = PBXSourcesBuildPhase;
			buildActionMask = 2147483647;
			files = (
				1D756ADF216F9987008F5579 /* test1UITests.swift in Sources */,
			);
			runOnlyForDeploymentPostprocessing = 0;
		};
/* End PBXSourcesBuildPhase section */

/* Begin PBXTargetDependency section */
		1D756AD1216F9987008F5579 /* PBXTargetDependency */ = {
			isa = PBXTargetDependency;
			target = 1D756ABA216F9983008F5579 /* test1 */;
			targetProxy = 1D756AD0216F9987008F5579 /* PBXContainerItemProxy */;
		};
		1D756ADC216F9987008F5579 /* PBXTargetDependency */ = {
			isa = PBXTargetDependency;
			target = 1D756ABA216F9983008F5579 /* test1 */;
			targetProxy = 1D756ADB216F9987008F5579 /* PBXContainerItemProxy */;
		};
/* End PBXTargetDependency section */

/* Begin PBXVariantGroup section */
		1D756AC2216F9983008F5579 /* Main.storyboard */ = {
			isa = PBXVariantGroup;
			children = (
				1D756AC3216F9983008F5579 /* Base */,
			);
			name = Main.storyboard;
			sourceTree = "<group>";
		};
		1D756AC7216F9987008F5579 /* LaunchScreen.storyboard */ = {
			isa = PBXVariantGroup;
			children = (
				1D756AC8216F9987008F5579 /* Base */,
			);
			name = LaunchScreen.storyboard;
			sourceTree = "<group>";
		};
/* End PBXVariantGroup section */

/* Begin XCBuildConfiguration section */
		1D756AE1216F9987008F5579 /* Debug */ = {
			isa = XCBuildConfiguration;
			buildSettings = {
				ALWAYS_SEARCH_USER_PATHS = NO;
				CLANG_ANALYZER_NONNULL = YES;
				CLANG_ANALYZER_NUMBER_OBJECT_CONVERSION = YES_AGGRESSIVE;
				CLANG_CXX_LANGUAGE_STANDARD = "gnu++14";
				CLANG_CXX_LIBRARY = "libc++";
				CLANG_ENABLE_MODULES = YES;
				CLANG_ENABLE_OBJC_ARC = YES;
				CLANG_ENABLE_OBJC_WEAK = YES;
				CLANG_WARN_BLOCK_CAPTURE_AUTORELEASING = YES;
				CLANG_WARN_BOOL_CONVERSION = YES;
				CLANG_WARN_COMMA = YES;
				CLANG_WARN_CONSTANT_CONVERSION = YES;
				CLANG_WARN_DEPRECATED_OBJC_IMPLEMENTATIONS = YES;
				CLANG_WARN_DIRECT_OBJC_ISA_USAGE = YES_ERROR;
				CLANG_WARN_DOCUMENTATION_COMMENTS = YES;
				CLANG_WARN_EMPTY_BODY = YES;
				CLANG_WARN_ENUM_CONVERSION = YES;
				CLANG_WARN_INFINITE_RECURSION = YES;
				CLANG_WARN_INT_CONVERSION = YES;
				CLANG_WARN_NON_LITERAL_NULL_CONVERSION = YES;
				CLANG_WARN_OBJC_IMPLICIT_RETAIN_SELF = YES;
				CLANG_WARN_OBJC_LITERAL_CONVERSION = YES;
				CLANG_WARN_OBJC_ROOT_CLASS = YES_ERROR;
				CLANG_WARN_RANGE_LOOP_ANALYSIS = YES;
				CLANG_WARN_STRICT_PROTOTYPES = YES;
				CLANG_WARN_SUSPICIOUS_MOVE = YES;
				CLANG_WARN_UNGUARDED_AVAILABILITY = YES_AGGRESSIVE;
				CLANG_WARN_UNREACHABLE_CODE = YES;
				CLANG_WARN__DUPLICATE_METHOD_MATCH = YES;
				CODE_SIGN_IDENTITY = "iPhone Developer";
				COPY_PHASE_STRIP = NO;
				DEBUG_INFORMATION_FORMAT = dwarf;
				ENABLE_STRICT_OBJC_MSGSEND = YES;
				ENABLE_TESTABILITY = YES;
				GCC_C_LANGUAGE_STANDARD = gnu11;
				GCC_DYNAMIC_NO_PIC = NO;
				GCC_NO_COMMON_BLOCKS = YES;
				GCC_OPTIMIZATION_LEVEL = 0;
				GCC_PREPROCESSOR_DEFINITIONS = (
					"DEBUG=1",
					"$(inherited)",
				);
				GCC_WARN_64_TO_32_BIT_CONVERSION = YES;
				GCC_WARN_ABOUT_RETURN_TYPE = YES_ERROR;
				GCC_WARN_UNDECLARED_SELECTOR = YES;
				GCC_WARN_UNINITIALIZED_AUTOS = YES_AGGRESSIVE;
				GCC_WARN_UNUSED_FUNCTION = YES;
				GCC_WARN_UNUSED_VARIABLE = YES;
				IPHONEOS_DEPLOYMENT_TARGET = 12.0;
				MTL_ENABLE_DEBUG_INFO = INCLUDE_SOURCE;
				MTL_FAST_MATH = YES;
				ONLY_ACTIVE_ARCH = YES;
				SDKROOT = iphoneos;
				SWIFT_ACTIVE_COMPILATION_CONDITIONS = DEBUG;
				SWIFT_OPTIMIZATION_LEVEL = "-Onone";
			};
			name = Debug;
		};
		1D756AE2216F9987008F5579 /* Release */ = {
			isa = XCBuildConfiguration;
			buildSettings = {
				ALWAYS_SEARCH_USER_PATHS = NO;
				CLANG_ANALYZER_NONNULL = YES;
				CLANG_ANALYZER_NUMBER_OBJECT_CONVERSION = YES_AGGRESSIVE;
				CLANG_CXX_LANGUAGE_STANDARD = "gnu++14";
				CLANG_CXX_LIBRARY = "libc++";
				CLANG_ENABLE_MODULES = YES;
				CLANG_ENABLE_OBJC_ARC = YES;
				CLANG_ENABLE_OBJC_WEAK = YES;
				CLANG_WARN_BLOCK_CAPTURE_AUTORELEASING = YES;
				CLANG_WARN_BOOL_CONVERSION = YES;
				CLANG_WARN_COMMA = YES;
				CLANG_WARN_CONSTANT_CONVERSION = YES;
				CLANG_WARN_DEPRECATED_OBJC_IMPLEMENTATIONS = YES;
				CLANG_WARN_DIRECT_OBJC_ISA_USAGE = YES_ERROR;
				CLANG_WARN_DOCUMENTATION_COMMENTS = YES;
				CLANG_WARN_EMPTY_BODY = YES;
				CLANG_WARN_ENUM_CONVERSION = YES;
				CLANG_WARN_INFINITE_RECURSION = YES;
				CLANG_WARN_INT_CONVERSION = YES;
				CLANG_WARN_NON_LITERAL_NULL_CONVERSION = YES;
				CLANG_WARN_OBJC_IMPLICIT_RETAIN_SELF = YES;
				CLANG_WARN_OBJC_LITERAL_CONVERSION = YES;
				CLANG_WARN_OBJC_ROOT_CLASS = YES_ERROR;
				CLANG_WARN_RANGE_LOOP_ANALYSIS = YES;
				CLANG_WARN_STRICT_PROTOTYPES = YES;
				CLANG_WARN_SUSPICIOUS_MOVE = YES;
				CLANG_WARN_UNGUARDED_AVAILABILITY = YES_AGGRESSIVE;
				CLANG_WARN_UNREACHABLE_CODE = YES;
				CLANG_WARN__DUPLICATE_METHOD_MATCH = YES;
				CODE_SIGN_IDENTITY = "iPhone Developer";
				COPY_PHASE_STRIP = NO;
				DEBUG_INFORMATION_FORMAT = "dwarf-with-dsym";
				ENABLE_NS_ASSERTIONS = NO;
				ENABLE_STRICT_OBJC_MSGSEND = YES;
				GCC_C_LANGUAGE_STANDARD = gnu11;
				GCC_NO_COMMON_BLOCKS = YES;
				GCC_WARN_64_TO_32_BIT_CONVERSION = YES;
				GCC_WARN_ABOUT_RETURN_TYPE = YES_ERROR;
				GCC_WARN_UNDECLARED_SELECTOR = YES;
				GCC_WARN_UNINITIALIZED_AUTOS = YES_AGGRESSIVE;
				GCC_WARN_UNUSED_FUNCTION = YES;
				GCC_WARN_UNUSED_VARIABLE = YES;
				IPHONEOS_DEPLOYMENT_TARGET = 12.0;
				MTL_ENABLE_DEBUG_INFO = NO;
				MTL_FAST_MATH = YES;
				SDKROOT = iphoneos;
				SWIFT_COMPILATION_MODE = wholemodule;
				SWIFT_OPTIMIZATION_LEVEL = "-O";
				VALIDATE_PRODUCT = YES;
			};
			name = Release;
		};
		1D756AE4216F9987008F5579 /* Debug */ = {
			isa = XCBuildConfiguration;
			buildSettings = {
				ASSETCATALOG_COMPILER_APPICON_NAME = AppIcon;
				CODE_SIGN_STYLE = Automatic;
				INFOPLIST_FILE = test1/Info.plist;
				LD_RUNPATH_SEARCH_PATHS = (
					"$(inherited)",
					"@executable_path/Frameworks",
				);
				PRODUCT_BUNDLE_IDENTIFIER = au.com.example.test1;
				PRODUCT_NAME = "$(TARGET_NAME)";
				SWIFT_VERSION = 4.2;
				TARGETED_DEVICE_FAMILY = "1,2";
			};
			name = Debug;
		};
		1D756AE5216F9987008F5579 /* Release */ = {
			isa = XCBuildConfiguration;
			buildSettings = {
				ASSETCATALOG_COMPILER_APPICON_NAME = AppIcon;
				CODE_SIGN_STYLE = Automatic;
				INFOPLIST_FILE = test1/Info.plist;
				LD_RUNPATH_SEARCH_PATHS = (
					"$(inherited)",
					"@executable_path/Frameworks",
				);
				PRODUCT_BUNDLE_IDENTIFIER = au.com.example.test1;
				PRODUCT_NAME = "$(TARGET_NAME)";
				SWIFT_VERSION = 4.2;
				TARGETED_DEVICE_FAMILY = "1,2";
			};
			name = Release;
		};
		1D756AE7216F9987008F5579 /* Debug */ = {
			isa = XCBuildConfiguration;
			buildSettings = {
				ALWAYS_EMBED_SWIFT_STANDARD_LIBRARIES = YES;
				BUNDLE_LOADER = "$(TEST_HOST)";
				CODE_SIGN_STYLE = Automatic;
				INFOPLIST_FILE = test1Tests/Info.plist;
				LD_RUNPATH_SEARCH_PATHS = (
					"$(inherited)",
					"@executable_path/Frameworks",
					"@loader_path/Frameworks",
				);
				PRODUCT_BUNDLE_IDENTIFIER = au.com.example.test1Tests;
				PRODUCT_NAME = "$(TARGET_NAME)";
				SWIFT_VERSION = 4.2;
				TARGETED_DEVICE_FAMILY = "1,2";
				TEST_HOST = "$(BUILT_PRODUCTS_DIR)/test1.app/test1";
			};
			name = Debug;
		};
		1D756AE8216F9987008F5579 /* Release */ = {
			isa = XCBuildConfiguration;
			buildSettings = {
				ALWAYS_EMBED_SWIFT_STANDARD_LIBRARIES = YES;
				BUNDLE_LOADER = "$(TEST_HOST)";
				CODE_SIGN_STYLE = Automatic;
				INFOPLIST_FILE = test1Tests/Info.plist;
				LD_RUNPATH_SEARCH_PATHS = (
					"$(inherited)",
					"@executable_path/Frameworks",
					"@loader_path/Frameworks",
				);
				PRODUCT_BUNDLE_IDENTIFIER = au.com.example.test1Tests;
				PRODUCT_NAME = "$(TARGET_NAME)";
				SWIFT_VERSION = 4.2;
				TARGETED_DEVICE_FAMILY = "1,2";
				TEST_HOST = "$(BUILT_PRODUCTS_DIR)/test1.app/test1";
			};
			name = Release;
		};
		1D756AEA216F9987008F5579 /* Debug */ = {
			isa = XCBuildConfiguration;
			buildSettings = {
				ALWAYS_EMBED_SWIFT_STANDARD_LIBRARIES = YES;
				CODE_SIGN_STYLE = Automatic;
				INFOPLIST_FILE = test1UITests/Info.plist;
				LD_RUNPATH_SEARCH_PATHS = (
					"$(inherited)",
					"@executable_path/Frameworks",
					"@loader_path/Frameworks",
				);
				PRODUCT_BUNDLE_IDENTIFIER = au.com.example.test1UITests;
				PRODUCT_NAME = "$(TARGET_NAME)";
				SWIFT_VERSION = 4.2;
				TARGETED_DEVICE_FAMILY = "1,2";
				TEST_TARGET_NAME = test1;
			};
			name = Debug;
		};
		1D756AEB216F9987008F5579 /* Release */ = {
			isa = XCBuildConfiguration;
			buildSettings = {
				ALWAYS_EMBED_SWIFT_STANDARD_LIBRARIES = YES;
				CODE_SIGN_STYLE = Automatic;
				INFOPLIST_FILE = test1UITests/Info.plist;
				LD_RUNPATH_SEARCH_PATHS = (
					"$(inherited)",
					"@executable_path/Frameworks",
					"@loader_path/Frameworks",
				);
				PRODUCT_BUNDLE_IDENTIFIER = au.com.example.test1UITests;
				PRODUCT_NAME = "$(TARGET_NAME)";
				SWIFT_VERSION = 4.2;
				TARGETED_DEVICE_FAMILY = "1,2";
				TEST_TARGET_NAME = test1;
			};
			name = Release;
		};
/* End XCBuildConfiguration section */

/* Begin XCConfigurationList section */
		1D756AB6216F9983008F5579 /* Build configuration list for PBXProject "test1" */ = {
			isa = XCConfigurationList;
			buildConfigurations = (
				1D756AE1216F9987008F5579 /* Debug */,
				1D756AE2216F9987008F5579 /* Release */,
			);
			defaultConfigurationIsVisible = 0;
			defaultConfigurationName = Release;
		};
		1D756AE3216F9987008F5579 /* Build configuration list for PBXNativeTarget "test1" */ = {
			isa = XCConfigurationList;
			buildConfigurations = (
				1D756AE4216F9987008F5579 /* Debug */,
				1D756AE5216F9987008F5579 /* Release */,
			);
			defaultConfigurationIsVisible = 0;
			defaultConfigurationName = Release;
		};
		1D756AE6216F9987008F5579 /* Build configuration list for PBXNativeTarget "test1Tests" */ = {
			isa = XCConfigurationList;
			buildConfigurations = (
				1D756AE7216F9987008F5579 /* Debug */,
				1D756AE8216F9987008F5579 /* Release */,
			);
			defaultConfigurationIsVisible = 0;
			defaultConfigurationName = Release;
		};
		1D756AE9216F9987008F5579 /* Build configuration list for PBXNativeTarget "test1UITests" */ = {
			isa = XCConfigurationList;
			buildConfigurations = (
				1D756AEA216F9987008F5579 /* Debug */,
				1D756AEB216F9987008F5579 /* Release */,
			);
			defaultConfigurationIsVisible = 0;
			defaultConfigurationName = Release;
		};
/* End XCConfigurationList section */
	};
	rootObject = 1D756AB3216F9983008F5579 /* Project object */;
}
